
Microsoft Visual Studio Solution File, Format Version 12.00
# Visual Studio 14
VisualStudioVersion = 14.0.23107.0
MinimumVisualStudioVersion = 10.0.40219.1
Project("{FAE04EC0-301F-11D3-BF4B-00C04F79EFBC}") = "SMWorkflow.Desktop", "Code\SMWorkflow.Desktop\SMWorkflow.Desktop.csproj", "{5D3BB4BE-D12A-4AA6-A9E7-6166F59768ED}"
EndProject
Project("{FAE04EC0-301F-11D3-BF4B-00C04F79EFBC}") = "SMWorkflow.Base", "Code\SMWorkflow.Base\SMWorkflow.Base.csproj", "{3CA7D717-CDDE-4DD6-AC37-285A15B5F81F}"
EndProject
Project("{FAE04EC0-301F-11D3-BF4B-00C04F79EFBC}") = "SMWorkflow.Model", "Code\SMWorkflow.Model\SMWorkflow.Model.csproj", "{0A61FA88-97BA-43B3-8345-A671BF49913E}"
EndProject
Global
	GlobalSection(SolutionConfigurationPlatforms) = preSolution
		Debug|Any CPU = Debug|Any CPU
		Release|Any CPU = Release|Any CPU
	EndGlobalSection
	GlobalSection(ProjectConfigurationPlatforms) = postSolution
		{5D3BB4BE-D12A-4AA6-A9E7-6166F59768ED}.Debug|Any CPU.ActiveCfg = Debug|Any CPU
		{5D3BB4BE-D12A-4AA6-A9E7-6166F59768ED}.Debug|Any CPU.Build.0 = Debug|Any CPU
		{5D3BB4BE-D12A-4AA6-A9E7-6166F59768ED}.Release|Any CPU.ActiveCfg = Release|Any CPU
		{5D3BB4BE-D12A-4AA6-A9E7-6166F59768ED}.Release|Any CPU.Build.0 = Release|Any CPU
		{3CA7D717-CDDE-4DD6-AC37-285A15B5F81F}.Debug|Any CPU.ActiveCfg = Debug|Any CPU
		{3CA7D717-CDDE-4DD6-AC37-285A15B5F81F}.Debug|Any CPU.Build.0 = Debug|Any CPU
		{3CA7D717-CDDE-4DD6-AC37-285A15B5F81F}.Release|Any CPU.ActiveCfg = Release|Any CPU
		{3CA7D717-CDDE-4DD6-AC37-285A15B5F81F}.Release|Any CPU.Build.0 = Release|Any CPU
		{0A61FA88-97BA-43B3-8345-A671BF49913E}.Debug|Any CPU.ActiveCfg = Debug|Any CPU
		{0A61FA88-97BA-43B3-8345-A671BF49913E}.Debug|Any CPU.Build.0 = Debug|Any CPU
		{0A61FA88-97BA-43B3-8345-A671BF49913E}.Release|Any CPU.ActiveCfg = Release|Any CPU
		{0A61FA88-97BA-43B3-8345-A671BF49913E}.Release|Any CPU.Build.0 = Release|Any CPU
	EndGlobalSection
	GlobalSection(SolutionProperties) = preSolution
		HideSolutionNode = FALSE
	EndGlobalSection
EndGlobal
